
Microsoft Visual Studio Solution File, Format Version 12.00
# Visual Studio Version 17
VisualStudioVersion = 17.13.35818.85 d17.13
MinimumVisualStudioVersion = 10.0.40219.1
Project("{FAE04EC0-301F-11D3-BF4B-00C04F79EFBC}") = "tpmodul6_103022300095", "tpmodul6_103022300095.csproj", "{F8011F83-99CE-4AEF-8326-996CE0DEA71B}"
EndProject
Global
	GlobalSection(SolutionConfigurationPlatforms) = preSolution
		Debug|Any CPU = Debug|Any CPU
		Release|Any CPU = Release|Any CPU
	EndGlobalSection
	GlobalSection(ProjectConfigurationPlatforms) = postSolution
		{F8011F83-99CE-4AEF-8326-996CE0DEA71B}.Debug|Any CPU.ActiveCfg = Debug|Any CPU
		{F8011F83-99CE-4AEF-8326-996CE0DEA71B}.Debug|Any CPU.Build.0 = Debug|Any CPU
		{F8011F83-99CE-4AEF-8326-996CE0DEA71B}.Release|Any CPU.ActiveCfg = Release|Any CPU
		{F8011F83-99CE-4AEF-8326-996CE0DEA71B}.Release|Any CPU.Build.0 = Release|Any CPU
	EndGlobalSection
	GlobalSection(SolutionProperties) = preSolution
		HideSolutionNode = FALSE
	EndGlobalSection
	GlobalSection(ExtensibilityGlobals) = postSolution
		SolutionGuid = {B9A03224-122C-49C6-9DA2-1779A969DCC5}
	EndGlobalSection
EndGlobal
